
Microsoft Visual Studio Solution File, Format Version 12.00
# Visual Studio Version 18
VisualStudioVersion = 18.4.11620.152 stable
MinimumVisualStudioVersion = 10.0.40219.1
Project("{FAE04EC0-301F-11D3-BF4B-00C04F79EFBC}") = "MauiLoginApp", "MauiLoginApp.csproj", "{3220863F-8513-2FAC-0ACD-592E14233F19}"
EndProject
Global
	GlobalSection(SolutionConfigurationPlatforms) = preSolution
		Debug|Any CPU = Debug|Any CPU
		Release|Any CPU = Release|Any CPU
	EndGlobalSection
	GlobalSection(ProjectConfigurationPlatforms) = postSolution
		{3220863F-8513-2FAC-0ACD-592E14233F19}.Debug|Any CPU.ActiveCfg = Debug|Any CPU
		{3220863F-8513-2FAC-0ACD-592E14233F19}.Debug|Any CPU.Build.0 = Debug|Any CPU
		{3220863F-8513-2FAC-0ACD-592E14233F19}.Release|Any CPU.ActiveCfg = Release|Any CPU
		{3220863F-8513-2FAC-0ACD-592E14233F19}.Release|Any CPU.Build.0 = Release|Any CPU
	EndGlobalSection
	GlobalSection(SolutionProperties) = preSolution
		HideSolutionNode = FALSE
	EndGlobalSection
	GlobalSection(ExtensibilityGlobals) = postSolution
		SolutionGuid = {EC5F84EA-17B2-46E3-9CBC-40DA31838F55}
	EndGlobalSection
EndGlobal
